<?xml version="1.0" encoding="utf-8"?>
<Project ToolsVersion="4.0" xmlns="http://schemas.microsoft.com/developer/msbuild/2003">
  <ItemGroup>
    <Filter Include="소스 파일">
      <UniqueIdentifier>{4FC737F1-C7A5-4376-A066-2A32D752A2FF}</UniqueIdentifier>
      <Extensions>cpp;c;cc;cxx;c++;cppm;ixx;def;odl;idl;hpj;bat;asm;asmx</Extensions>
    </Filter>
    <Filter Include="헤더 파일">
      <UniqueIdentifier>{93995380-89BD-4b04-88EB-625FBE52EBFB}</UniqueIdentifier>
      <Extensions>h;hh;hpp;hxx;h++;hm;inl;inc;ipp;xsd</Extensions>
    </Filter>
    <Filter Include="리소스 파일">
      <UniqueIdentifier>{67DA6AB6-F800-4c08-8B7A-83BB121AAD01}</UniqueIdentifier>
      <Extensions>rc;ico;cur;bmp;dlg;rc2;rct;bin;rgs;gif;jpg;jpeg;jpe;resx;tiff;tif;png;wav;mfcribbon-ms</Extensions>
    </Filter>
  </ItemGroup>
  <ItemGroup>
    <ClCompile Include="2798 블랙잭.cpp">
      <Filter>소스 파일</Filter>
    </ClCompile>
    <ClCompile Include="7568 덩치.cpp">
      <Filter>소스 파일</Filter>
    </ClCompile>
    <ClCompile Include="1018 체스판 칠하기.cpp">
      <Filter>소스 파일</Filter>
    </ClCompile>
    <ClCompile Include="15649 N과 M%281%29.cpp">
      <Filter>소스 파일</Filter>
    </ClCompile>
    <ClCompile Include="11279 최대 힙.cpp">
      <Filter>소스 파일</Filter>
    </ClCompile>
    <ClCompile Include="1085 직사각형에서 탈출.cpp">
      <Filter>소스 파일</Filter>
    </ClCompile>
    <ClCompile Include="3009 네번째 점.cpp">
      <Filter>소스 파일</Filter>
    </ClCompile>
    <ClCompile Include="4153 직각삼각형.cpp">
      <Filter>소스 파일</Filter>
    </ClCompile>
    <ClCompile Include="15650 N과 M(2).cpp">
      <Filter>소스 파일</Filter>
    </ClCompile>
    <ClCompile Include="10926.cpp">
      <Filter>소스 파일</Filter>
    </ClCompile>
    <ClCompile Include="18108 .cpp">
      <Filter>소스 파일</Filter>
    </ClCompile>
    <ClCompile Include="10828 스택.cpp">
      <Filter>소스 파일</Filter>
    </ClCompile>
    <ClCompile Include="2525 오븐 시계.cpp">
      <Filter>소스 파일</Filter>
    </ClCompile>
    <ClCompile Include="11279 최대 힙 쉬운 풀이.cpp">
      <Filter>소스 파일</Filter>
    </ClCompile>
    <ClCompile Include="18258 큐2.cpp">
      <Filter>소스 파일</Filter>
    </ClCompile>
    <ClCompile Include="24416 피보나치 수 1.cpp">
      <Filter>소스 파일</Filter>
    </ClCompile>
    <ClCompile Include="11653 소인수분해.cpp">
      <Filter>소스 파일</Filter>
    </ClCompile>
    <ClCompile Include="25083 새싹.cpp">
      <Filter>소스 파일</Filter>
    </ClCompile>
    <ClCompile Include="15651 N과 M%283%29.cpp">
      <Filter>소스 파일</Filter>
    </ClCompile>
    <ClCompile Include="2480 주사위 세개.cpp">
      <Filter>소스 파일</Filter>
    </ClCompile>
    <ClCompile Include="24479 DFS 1.cpp">
      <Filter>소스 파일</Filter>
    </ClCompile>
    <ClCompile Include="24444 BFS 1.cpp">
      <Filter>소스 파일</Filter>
    </ClCompile>
    <ClCompile Include="2630 색종이 만들기.cpp">
      <Filter>소스 파일</Filter>
    </ClCompile>
    <ClCompile Include="9184 신나는 함수 실행.cpp">
      <Filter>소스 파일</Filter>
    </ClCompile>
    <ClCompile Include="9461 파도반 수열.cpp">
      <Filter>소스 파일</Filter>
    </ClCompile>
    <ClCompile Include="15652 N과 M%284%29.cpp">
      <Filter>소스 파일</Filter>
    </ClCompile>
    <ClCompile Include="11659 구간 합 구하기 4.cpp">
      <Filter>소스 파일</Filter>
    </ClCompile>
    <ClCompile Include="11047 동전 0.cpp">
      <Filter>소스 파일</Filter>
    </ClCompile>
    <ClCompile Include="15596 정수 N개의 합.cpp">
      <Filter>소스 파일</Filter>
    </ClCompile>
    <ClCompile Include="10773 제로.cpp">
      <Filter>소스 파일</Filter>
    </ClCompile>
    <ClCompile Include="2164 카드2.cpp">
      <Filter>소스 파일</Filter>
    </ClCompile>
    <ClCompile Include="1931 회의실 배정.cpp">
      <Filter>소스 파일</Filter>
    </ClCompile>
    <ClCompile Include="9012 괄호.cpp">
      <Filter>소스 파일</Filter>
    </ClCompile>
    <ClCompile Include="11866 요세푸스 문제 0.cpp">
      <Filter>소스 파일</Filter>
    </ClCompile>
    <ClCompile Include="1920 수 찾기.cpp">
      <Filter>소스 파일</Filter>
    </ClCompile>
    <ClCompile Include="1712 손익분기점.cpp">
      <Filter>소스 파일</Filter>
    </ClCompile>
    <ClCompile Include="1904 01타일.cpp">
      <Filter>소스 파일</Filter>
    </ClCompile>
    <ClCompile Include="1912 연속합.cpp">
      <Filter>소스 파일</Filter>
    </ClCompile>
    <ClCompile Include="2750 수 정렬하기.cpp">
      <Filter>소스 파일</Filter>
    </ClCompile>
    <ClCompile Include="1149 RGB거리.cpp">
      <Filter>소스 파일</Filter>
    </ClCompile>
    <ClCompile Include="1932 정수 삼각형.cpp">
      <Filter>소스 파일</Filter>
    </ClCompile>
    <ClCompile Include="2579 계단 오르기.cpp">
      <Filter>소스 파일</Filter>
    </ClCompile>
    <ClCompile Include="11399 ATM.cpp">
      <Filter>소스 파일</Filter>
    </ClCompile>
    <ClCompile Include="2231 분해합.cpp">
      <Filter>소스 파일</Filter>
    </ClCompile>
    <ClCompile Include="1436 영화감독 숌.cpp">
      <Filter>소스 파일</Filter>
    </ClCompile>
  </ItemGroup>
</Project>