<?xml version="1.0" encoding="utf-8"?>
<Project ToolsVersion="4.0" xmlns="http://schemas.microsoft.com/developer/msbuild/2003">
  <ItemGroup>
    <Filter Include="소스 파일">
      <UniqueIdentifier>{4FC737F1-C7A5-4376-A066-2A32D752A2FF}</UniqueIdentifier>
      <Extensions>cpp;c;cc;cxx;c++;cppm;ixx;def;odl;idl;hpj;bat;asm;asmx</Extensions>
    </Filter>
    <Filter Include="헤더 파일">
      <UniqueIdentifier>{93995380-89BD-4b04-88EB-625FBE52EBFB}</UniqueIdentifier>
      <Extensions>h;hh;hpp;hxx;h++;hm;inl;inc;ipp;xsd</Extensions>
    </Filter>
    <Filter Include="리소스 파일">
      <UniqueIdentifier>{67DA6AB6-F800-4c08-8B7A-83BB121AAD01}</UniqueIdentifier>
      <Extensions>rc;ico;cur;bmp;dlg;rc2;rct;bin;rgs;gif;jpg;jpeg;jpe;resx;tiff;tif;png;wav;mfcribbon-ms</Extensions>
    </Filter>
  </ItemGroup>
  <ItemGroup>
    <ClCompile Include="성격 유형 검사하기.cpp">
      <Filter>소스 파일</Filter>
    </ClCompile>
    <ClCompile Include="두 큐 합 같게 만들기.cpp">
      <Filter>소스 파일</Filter>
    </ClCompile>
    <ClCompile Include="같은 숫자는 싫어.cpp">
      <Filter>소스 파일</Filter>
    </ClCompile>
    <ClCompile Include="로또의 최고 순위와 최저 순위.cpp">
      <Filter>소스 파일</Filter>
    </ClCompile>
    <ClCompile Include="나머지가 1이 되는 수 찾기.cpp">
      <Filter>소스 파일</Filter>
    </ClCompile>
    <ClCompile Include="영어 끝말잇기.cpp">
      <Filter>소스 파일</Filter>
    </ClCompile>
    <ClCompile Include="구명보트.cpp">
      <Filter>소스 파일</Filter>
    </ClCompile>
    <ClCompile Include="짝지어 제거하기.cpp">
      <Filter>소스 파일</Filter>
    </ClCompile>
    <ClCompile Include="숫자 문자열과 영단어.cpp">
      <Filter>소스 파일</Filter>
    </ClCompile>
    <ClCompile Include="캐시.cpp">
      <Filter>소스 파일</Filter>
    </ClCompile>
    <ClCompile Include="완주하지 못한 선수.cpp">
      <Filter>소스 파일</Filter>
    </ClCompile>
    <ClCompile Include="폰켓몬.cpp">
      <Filter>소스 파일</Filter>
    </ClCompile>
    <ClCompile Include="전화번호 목록.cpp">
      <Filter>소스 파일</Filter>
    </ClCompile>
    <ClCompile Include="게임 맵 최단거리.cpp">
      <Filter>소스 파일</Filter>
    </ClCompile>
    <ClCompile Include="위장.cpp">
      <Filter>소스 파일</Filter>
    </ClCompile>
    <ClCompile Include="타겟 넘버.cpp">
      <Filter>소스 파일</Filter>
    </ClCompile>
    <ClCompile Include="체육복.cpp">
      <Filter>소스 파일</Filter>
    </ClCompile>
    <ClCompile Include="네트워크.cpp">
      <Filter>소스 파일</Filter>
    </ClCompile>
    <ClCompile Include="모의고사.cpp">
      <Filter>소스 파일</Filter>
    </ClCompile>
    <ClCompile Include="가장 먼 노드.cpp">
      <Filter>소스 파일</Filter>
    </ClCompile>
    <ClCompile Include="점프와 순간 이동.cpp">
      <Filter>소스 파일</Filter>
    </ClCompile>
    <ClCompile Include="최댓값과 최솟값.cpp">
      <Filter>소스 파일</Filter>
    </ClCompile>
    <ClCompile Include="[DP]정수 삼각형.cpp">
      <Filter>소스 파일</Filter>
    </ClCompile>
    <ClCompile Include="[Stack] 올바른 괄호.cpp">
      <Filter>소스 파일</Filter>
    </ClCompile>
    <ClCompile Include="[String] 문자열 만들기.cpp">
      <Filter>소스 파일</Filter>
    </ClCompile>
    <ClCompile Include="[Array] 최솟값 만들기.cpp">
      <Filter>소스 파일</Filter>
    </ClCompile>
    <ClCompile Include="[String] 이진 변환 반복하기.cpp">
      <Filter>소스 파일</Filter>
    </ClCompile>
    <ClCompile Include="[Math] 숫자의 표현.cpp">
      <Filter>소스 파일</Filter>
    </ClCompile>
    <ClCompile Include="[DP] 피보나치 수.cpp">
      <Filter>소스 파일</Filter>
    </ClCompile>
    <ClCompile Include="[Bruteforce] 다음 큰 숫자.cpp">
      <Filter>소스 파일</Filter>
    </ClCompile>
    <ClCompile Include="[Fullsearch] 카펫.cpp">
      <Filter>소스 파일</Filter>
    </ClCompile>
    <ClCompile Include="[Math] N개의 최소공배수.cpp">
      <Filter>소스 파일</Filter>
    </ClCompile>
    <ClCompile Include="[Binary Search] 예상 대진표.cpp">
      <Filter>소스 파일</Filter>
    </ClCompile>
    <ClCompile Include="[DP] 멀리 뛰기.cpp">
      <Filter>소스 파일</Filter>
    </ClCompile>
    <ClCompile Include="[Sorting] H-Index.cpp">
      <Filter>소스 파일</Filter>
    </ClCompile>
    <ClCompile Include="[Math] 행렬의 곱셈.cpp">
      <Filter>소스 파일</Filter>
    </ClCompile>
    <ClCompile Include="[Stack] 괄호 회전하기.cpp">
      <Filter>소스 파일</Filter>
    </ClCompile>
    <ClCompile Include="[Implementation] 비밀지도.cpp">
      <Filter>소스 파일</Filter>
    </ClCompile>
    <ClCompile Include="[String] 시저 암호.cpp">
      <Filter>소스 파일</Filter>
    </ClCompile>
    <ClCompile Include="[String] 문자열 내 마음대로 정렬하기.cpp">
      <Filter>소스 파일</Filter>
    </ClCompile>
    <ClCompile Include="[Math] 하샤드 수.cpp">
      <Filter>소스 파일</Filter>
    </ClCompile>
    <ClCompile Include="[Sorting] 예산.cpp">
      <Filter>소스 파일</Filter>
    </ClCompile>
    <ClCompile Include="[Math] 소수 찾기.cpp">
      <Filter>소스 파일</Filter>
    </ClCompile>
  </ItemGroup>
</Project>